
Microsoft Visual Studio Solution File, Format Version 12.00
# Visual Studio 15
VisualStudioVersion = 15.0.27130.2036
MinimumVisualStudioVersion = 10.0.40219.1
Project("{FAE04EC0-301F-11D3-BF4B-00C04F79EFBC}") = "JSON Tree", "JSON Tree\JSON Tree.csproj", "{839AC31D-C0B4-4F26-BDD3-5171757C72ED}"
EndProject
Global
	GlobalSection(SolutionConfigurationPlatforms) = preSolution
		Debug|Any CPU = Debug|Any CPU
		Release|Any CPU = Release|Any CPU
	EndGlobalSection
	GlobalSection(ProjectConfigurationPlatforms) = postSolution
		{839AC31D-C0B4-4F26-BDD3-5171757C72ED}.Debug|Any CPU.ActiveCfg = Debug|Any CPU
		{839AC31D-C0B4-4F26-BDD3-5171757C72ED}.Debug|Any CPU.Build.0 = Debug|Any CPU
		{839AC31D-C0B4-4F26-BDD3-5171757C72ED}.Release|Any CPU.ActiveCfg = Release|Any CPU
		{839AC31D-C0B4-4F26-BDD3-5171757C72ED}.Release|Any CPU.Build.0 = Release|Any CPU
	EndGlobalSection
	GlobalSection(SolutionProperties) = preSolution
		HideSolutionNode = FALSE
	EndGlobalSection
	GlobalSection(ExtensibilityGlobals) = postSolution
		SolutionGuid = {7A4B7649-155E-496C-806B-1D8E68D897C1}
	EndGlobalSection
EndGlobal
